
Microsoft Visual Studio Solution File, Format Version 12.00
# Visual Studio Version 16
VisualStudioVersion = 16.0.31410.357
MinimumVisualStudioVersion = 10.0.40219.1
Project("{2150E333-8FDC-42A3-9474-1A3956D46DE8}") = "01 - BlazorServer", "01 - BlazorServer", "{C7B4D1D4-C245-47CC-8D55-EAC7EFD901DC}"
EndProject
Project("{2150E333-8FDC-42A3-9474-1A3956D46DE8}") = "02 - BlazorChar", "02 - BlazorChar", "{E1D39188-7F3E-4F06-B531-60D2F0BB1E19}"
EndProject
Project("{2150E333-8FDC-42A3-9474-1A3956D46DE8}") = "03 - BlazorChat - Serverless", "03 - BlazorChat - Serverless", "{659891CA-EA48-460F-A5A8-11AC31606C3B}"
EndProject
Project("{9A19103F-16F7-4668-BE54-9A1E7A4F7556}") = "blazorserver", "blazorserver\blazorserver.csproj", "{6CFAC794-5109-41F5-89BA-49F689612D21}"
EndProject
Project("{9A19103F-16F7-4668-BE54-9A1E7A4F7556}") = "blazorchat.Shared", "blazorchat\Shared\blazorchat.Shared.csproj", "{0690C7C5-4678-47C7-B5A6-D282E6CCC05F}"
EndProject
Project("{9A19103F-16F7-4668-BE54-9A1E7A4F7556}") = "blazorchat.Client", "blazorchat\Client\blazorchat.Client.csproj", "{4EB526E6-907A-4DB2-8E67-D29802A304C0}"
EndProject
Project("{9A19103F-16F7-4668-BE54-9A1E7A4F7556}") = "blazorchat.Server", "blazorchat\Server\blazorchat.Server.csproj", "{CDF98DFD-FAF9-4D95-B96D-9793E8232BE4}"
EndProject
Project("{9A19103F-16F7-4668-BE54-9A1E7A4F7556}") = "client", "blazorchat-serverless\client\client.csproj", "{E915018D-E80F-4D8D-B013-055414274F44}"
EndProject
Project("{9A19103F-16F7-4668-BE54-9A1E7A4F7556}") = "ChatFunction", "blazorchat-serverless\ChatFunction\ChatFunction.csproj", "{9564B56B-3192-4F07-8B11-B1C52467F364}"
EndProject
Global
	GlobalSection(SolutionConfigurationPlatforms) = preSolution
		Debug|Any CPU = Debug|Any CPU
		Release|Any CPU = Release|Any CPU
	EndGlobalSection
	GlobalSection(ProjectConfigurationPlatforms) = postSolution
		{6CFAC794-5109-41F5-89BA-49F689612D21}.Debug|Any CPU.ActiveCfg = Debug|Any CPU
		{6CFAC794-5109-41F5-89BA-49F689612D21}.Debug|Any CPU.Build.0 = Debug|Any CPU
		{6CFAC794-5109-41F5-89BA-49F689612D21}.Release|Any CPU.ActiveCfg = Release|Any CPU
		{6CFAC794-5109-41F5-89BA-49F689612D21}.Release|Any CPU.Build.0 = Release|Any CPU
		{0690C7C5-4678-47C7-B5A6-D282E6CCC05F}.Debug|Any CPU.ActiveCfg = Debug|Any CPU
		{0690C7C5-4678-47C7-B5A6-D282E6CCC05F}.Debug|Any CPU.Build.0 = Debug|Any CPU
		{0690C7C5-4678-47C7-B5A6-D282E6CCC05F}.Release|Any CPU.ActiveCfg = Release|Any CPU
		{0690C7C5-4678-47C7-B5A6-D282E6CCC05F}.Release|Any CPU.Build.0 = Release|Any CPU
		{4EB526E6-907A-4DB2-8E67-D29802A304C0}.Debug|Any CPU.ActiveCfg = Debug|Any CPU
		{4EB526E6-907A-4DB2-8E67-D29802A304C0}.Debug|Any CPU.Build.0 = Debug|Any CPU
		{4EB526E6-907A-4DB2-8E67-D29802A304C0}.Release|Any CPU.ActiveCfg = Release|Any CPU
		{4EB526E6-907A-4DB2-8E67-D29802A304C0}.Release|Any CPU.Build.0 = Release|Any CPU
		{CDF98DFD-FAF9-4D95-B96D-9793E8232BE4}.Debug|Any CPU.ActiveCfg = Debug|Any CPU
		{CDF98DFD-FAF9-4D95-B96D-9793E8232BE4}.Debug|Any CPU.Build.0 = Debug|Any CPU
		{CDF98DFD-FAF9-4D95-B96D-9793E8232BE4}.Release|Any CPU.ActiveCfg = Release|Any CPU
		{CDF98DFD-FAF9-4D95-B96D-9793E8232BE4}.Release|Any CPU.Build.0 = Release|Any CPU
		{E915018D-E80F-4D8D-B013-055414274F44}.Debug|Any CPU.ActiveCfg = Debug|Any CPU
		{E915018D-E80F-4D8D-B013-055414274F44}.Debug|Any CPU.Build.0 = Debug|Any CPU
		{E915018D-E80F-4D8D-B013-055414274F44}.Release|Any CPU.ActiveCfg = Release|Any CPU
		{E915018D-E80F-4D8D-B013-055414274F44}.Release|Any CPU.Build.0 = Release|Any CPU
		{9564B56B-3192-4F07-8B11-B1C52467F364}.Debug|Any CPU.ActiveCfg = Debug|Any CPU
		{9564B56B-3192-4F07-8B11-B1C52467F364}.Debug|Any CPU.Build.0 = Debug|Any CPU
		{9564B56B-3192-4F07-8B11-B1C52467F364}.Release|Any CPU.ActiveCfg = Release|Any CPU
		{9564B56B-3192-4F07-8B11-B1C52467F364}.Release|Any CPU.Build.0 = Release|Any CPU
	EndGlobalSection
	GlobalSection(SolutionProperties) = preSolution
		HideSolutionNode = FALSE
	EndGlobalSection
	GlobalSection(NestedProjects) = preSolution
		{6CFAC794-5109-41F5-89BA-49F689612D21} = {C7B4D1D4-C245-47CC-8D55-EAC7EFD901DC}
		{0690C7C5-4678-47C7-B5A6-D282E6CCC05F} = {E1D39188-7F3E-4F06-B531-60D2F0BB1E19}
		{4EB526E6-907A-4DB2-8E67-D29802A304C0} = {E1D39188-7F3E-4F06-B531-60D2F0BB1E19}
		{CDF98DFD-FAF9-4D95-B96D-9793E8232BE4} = {E1D39188-7F3E-4F06-B531-60D2F0BB1E19}
		{E915018D-E80F-4D8D-B013-055414274F44} = {659891CA-EA48-460F-A5A8-11AC31606C3B}
		{9564B56B-3192-4F07-8B11-B1C52467F364} = {659891CA-EA48-460F-A5A8-11AC31606C3B}
	EndGlobalSection
	GlobalSection(ExtensibilityGlobals) = postSolution
		SolutionGuid = {7C045FBA-ABD1-4490-9E94-0D74B97C8159}
	EndGlobalSection
EndGlobal
